
Microsoft Visual Studio Solution File, Format Version 12.00
# Visual Studio Version 17
VisualStudioVersion = 17.0.31912.275
MinimumVisualStudioVersion = 10.0.40219.1
Project("{FAE04EC0-301F-11D3-BF4B-00C04F79EFBC}") = "RedBusPOC", "RedBusPOC\RedBusPOC.csproj", "{12D91E25-6B75-47A4-9587-758F434433FE}"
EndProject
Global
	GlobalSection(SolutionConfigurationPlatforms) = preSolution
		Debug|Any CPU = Debug|Any CPU
		Release|Any CPU = Release|Any CPU
	EndGlobalSection
	GlobalSection(ProjectConfigurationPlatforms) = postSolution
		{12D91E25-6B75-47A4-9587-758F434433FE}.Debug|Any CPU.ActiveCfg = Debug|Any CPU
		{12D91E25-6B75-47A4-9587-758F434433FE}.Debug|Any CPU.Build.0 = Debug|Any CPU
		{12D91E25-6B75-47A4-9587-758F434433FE}.Release|Any CPU.ActiveCfg = Release|Any CPU
		{12D91E25-6B75-47A4-9587-758F434433FE}.Release|Any CPU.Build.0 = Release|Any CPU
	EndGlobalSection
	GlobalSection(SolutionProperties) = preSolution
		HideSolutionNode = FALSE
	EndGlobalSection
	GlobalSection(ExtensibilityGlobals) = postSolution
		SolutionGuid = {85230268-BCB7-48BD-830B-E7836E8B774E}
	EndGlobalSection
EndGlobal
